// !$*UTF8*$!
{
	archiveVersion = 1;
	classes = {
	};
	objectVersion = 48;
	objects = {

/* Begin PBXBuildFile section */
		D28AB96B2064CDB400222052 /* AppDelegate.swift in Sources */ = {isa = PBXBuildFile; fileRef = D28AB96A2064CDB400222052 /* AppDelegate.swift */; };
		D28AB96D2064CDB400222052 /* ViewController.swift in Sources */ = {isa = PBXBuildFile; fileRef = D28AB96C2064CDB400222052 /* ViewController.swift */; };
		D28AB9702064CDB400222052 /* Main.storyboard in Resources */ = {isa = PBXBuildFile; fileRef = D28AB96E2064CDB400222052 /* Main.storyboard */; };
		D28AB9722064CDB400222052 /* Assets.xcassets in Resources */ = {isa = PBXBuildFile; fileRef = D28AB9712064CDB400222052 /* Assets.xcassets */; };
		D28AB9752064CDB400222052 /* LaunchScreen.storyboard in Resources */ = {isa = PBXBuildFile; fileRef = D28AB9732064CDB400222052 /* LaunchScreen.storyboard */; };
		D28AB9802064D4F700222052 /* WKWebViewJSViewController.swift in Sources */ = {isa = PBXBuildFile; fileRef = D28AB97F2064D4F700222052 /* WKWebViewJSViewController.swift */; };
		D28AB9822064DB7100222052 /* WKWebViewJS_file.html in Resources */ = {isa = PBXBuildFile; fileRef = D28AB9812064DB7100222052 /* WKWebViewJS_file.html */; };
		D28AB9852064DBC200222052 /* WKWebViewJS_location.html in Resources */ = {isa = PBXBuildFile; fileRef = D28AB9832064DBC200222052 /* WKWebViewJS_location.html */; };
		D28AB9862064DBC200222052 /* WKWebViewJS.html in Resources */ = {isa = PBXBuildFile; fileRef = D28AB9842064DBC200222052 /* WKWebViewJS.html */; };
		D28AB9892064DD2600222052 /* Logger.swift in Sources */ = {isa = PBXBuildFile; fileRef = D28AB9882064DD2600222052 /* Logger.swift */; };
		D28AB98C2064E98100222052 /* light_advice.png in Resources */ = {isa = PBXBuildFile; fileRef = D28AB98A2064E98100222052 /* light_advice.png */; };
		D28AB98D2064E98100222052 /* light_illstration.png in Resources */ = {isa = PBXBuildFile; fileRef = D28AB98B2064E98100222052 /* light_illstration.png */; };
		D28AB98F2064EDE300222052 /* JSWKWebView.html in Resources */ = {isa = PBXBuildFile; fileRef = D28AB98E2064EDE300222052 /* JSWKWebView.html */; };
		D28AB9912064EE9A00222052 /* JSWKWebViewViewController.swift in Sources */ = {isa = PBXBuildFile; fileRef = D28AB9902064EE9A00222052 /* JSWKWebViewViewController.swift */; };
/* End PBXBuildFile section */

/* Begin PBXFileReference section */
		D28AB9672064CDB400222052 /* iOS-WebView-JS.app */ = {isa = PBXFileReference; explicitFileType = wrapper.application; includeInIndex = 0; path = "iOS-WebView-JS.app"; sourceTree = BUILT_PRODUCTS_DIR; };
		D28AB96A2064CDB400222052 /* AppDelegate.swift */ = {isa = PBXFileReference; lastKnownFileType = sourcecode.swift; path = AppDelegate.swift; sourceTree = "<group>"; };
		D28AB96C2064CDB400222052 /* ViewController.swift */ = {isa = PBXFileReference; lastKnownFileType = sourcecode.swift; path = ViewController.swift; sourceTree = "<group>"; };
		D28AB96F2064CDB400222052 /* Base */ = {isa = PBXFileReference; lastKnownFileType = file.storyboard; name = Base; path = Base.lproj/Main.storyboard; sourceTree = "<group>"; };
		D28AB9712064CDB400222052 /* Assets.xcassets */ = {isa = PBXFileReference; lastKnownFileType = folder.assetcatalog; path = Assets.xcassets; sourceTree = "<group>"; };
		D28AB9742064CDB400222052 /* Base */ = {isa = PBXFileReference; lastKnownFileType = file.storyboard; name = Base; path = Base.lproj/LaunchScreen.storyboard; sourceTree = "<group>"; };
		D28AB9762064CDB400222052 /* Info.plist */ = {isa = PBXFileReference; lastKnownFileType = text.plist.xml; path = Info.plist; sourceTree = "<group>"; };
		D28AB97F2064D4F700222052 /* WKWebViewJSViewController.swift */ = {isa = PBXFileReference; lastKnownFileType = sourcecode.swift; path = WKWebViewJSViewController.swift; sourceTree = "<group>"; };
		D28AB9812064DB7100222052 /* WKWebViewJS_file.html */ = {isa = PBXFileReference; fileEncoding = 4; lastKnownFileType = text.html; path = WKWebViewJS_file.html; sourceTree = "<group>"; };
		D28AB9832064DBC200222052 /* WKWebViewJS_location.html */ = {isa = PBXFileReference; fileEncoding = 4; lastKnownFileType = text.html; path = WKWebViewJS_location.html; sourceTree = "<group>"; };
		D28AB9842064DBC200222052 /* WKWebViewJS.html */ = {isa = PBXFileReference; fileEncoding = 4; lastKnownFileType = text.html; path = WKWebViewJS.html; sourceTree = "<group>"; };
		D28AB9882064DD2600222052 /* Logger.swift */ = {isa = PBXFileReference; fileEncoding = 4; lastKnownFileType = sourcecode.swift; path = Logger.swift; sourceTree = "<group>"; };
		D28AB98A2064E98100222052 /* light_advice.png */ = {isa = PBXFileReference; lastKnownFileType = image.png; path = light_advice.png; sourceTree = "<group>"; };
		D28AB98B2064E98100222052 /* light_illstration.png */ = {isa = PBXFileReference; lastKnownFileType = image.png; path = light_illstration.png; sourceTree = "<group>"; };
		D28AB98E2064EDE300222052 /* JSWKWebView.html */ = {isa = PBXFileReference; fileEncoding = 4; lastKnownFileType = text.html; path = JSWKWebView.html; sourceTree = "<group>"; };
		D28AB9902064EE9A00222052 /* JSWKWebViewViewController.swift */ = {isa = PBXFileReference; lastKnownFileType = sourcecode.swift; path = JSWKWebViewViewController.swift; sourceTree = "<group>"; };
/* End PBXFileReference section */

/* Begin PBXFrameworksBuildPhase section */
		D28AB9642064CDB400222052 /* Frameworks */ = {
			isa = PBXFrameworksBuildPhase;
			buildActionMask = 2147483647;
			files = (
			);
			runOnlyForDeploymentPostprocessing = 0;
		};
/* End PBXFrameworksBuildPhase section */

/* Begin PBXGroup section */
		D28AB95E2064CDB400222052 = {
			isa = PBXGroup;
			children = (
				D28AB9692064CDB400222052 /* iOS-WebView-JS */,
				D28AB9682064CDB400222052 /* Products */,
			);
			sourceTree = "<group>";
		};
		D28AB9682064CDB400222052 /* Products */ = {
			isa = PBXGroup;
			children = (
				D28AB9672064CDB400222052 /* iOS-WebView-JS.app */,
			);
			name = Products;
			sourceTree = "<group>";
		};
		D28AB9692064CDB400222052 /* iOS-WebView-JS */ = {
			isa = PBXGroup;
			children = (
				D28AB9872064DD2600222052 /* Logger */,
				D28AB97C2064CDD900222052 /* WKWebView */,
				D28AB96A2064CDB400222052 /* AppDelegate.swift */,
				D28AB96C2064CDB400222052 /* ViewController.swift */,
				D28AB96E2064CDB400222052 /* Main.storyboard */,
				D28AB9712064CDB400222052 /* Assets.xcassets */,
				D28AB9732064CDB400222052 /* LaunchScreen.storyboard */,
				D28AB9762064CDB400222052 /* Info.plist */,
			);
			path = "iOS-WebView-JS";
			sourceTree = "<group>";
		};
		D28AB97C2064CDD900222052 /* WKWebView */ = {
			isa = PBXGroup;
			children = (
				D28AB98A2064E98100222052 /* light_advice.png */,
				D28AB98B2064E98100222052 /* light_illstration.png */,
				D28AB9832064DBC200222052 /* WKWebViewJS_location.html */,
				D28AB9812064DB7100222052 /* WKWebViewJS_file.html */,
				D28AB9842064DBC200222052 /* WKWebViewJS.html */,
				D28AB98E2064EDE300222052 /* JSWKWebView.html */,
				D28AB97E2064CE0E00222052 /* WKWebView2JS */,
				D28AB97D2064CE0400222052 /* JS2WKWebView */,
			);
			path = WKWebView;
			sourceTree = "<group>";
		};
		D28AB97D2064CE0400222052 /* JS2WKWebView */ = {
			isa = PBXGroup;
			children = (
				D28AB9902064EE9A00222052 /* JSWKWebViewViewController.swift */,
			);
			path = JS2WKWebView;
			sourceTree = "<group>";
		};
		D28AB97E2064CE0E00222052 /* WKWebView2JS */ = {
			isa = PBXGroup;
			children = (
				D28AB97F2064D4F700222052 /* WKWebViewJSViewController.swift */,
			);
			path = WKWebView2JS;
			sourceTree = "<group>";
		};
		D28AB9872064DD2600222052 /* Logger */ = {
			isa = PBXGroup;
			children = (
				D28AB9882064DD2600222052 /* Logger.swift */,
			);
			path = Logger;
			sourceTree = "<group>";
		};
/* End PBXGroup section */

/* Begin PBXNativeTarget section */
		D28AB9662064CDB400222052 /* iOS-WebView-JS */ = {
			isa = PBXNativeTarget;
			buildConfigurationList = D28AB9792064CDB400222052 /* Build configuration list for PBXNativeTarget "iOS-WebView-JS" */;
			buildPhases = (
				D28AB9632064CDB400222052 /* Sources */,
				D28AB9642064CDB400222052 /* Frameworks */,
				D28AB9652064CDB400222052 /* Resources */,
			);
			buildRules = (
			);
			dependencies = (
			);
			name = "iOS-WebView-JS";
			productName = "iOS-WebView-JS";
			productReference = D28AB9672064CDB400222052 /* iOS-WebView-JS.app */;
			productType = "com.apple.product-type.application";
		};
/* End PBXNativeTarget section */

/* Begin PBXProject section */
		D28AB95F2064CDB400222052 /* Project object */ = {
			isa = PBXProject;
			attributes = {
				LastSwiftUpdateCheck = 0920;
				LastUpgradeCheck = 0920;
				ORGANIZATIONNAME = YJH;
				TargetAttributes = {
					D28AB9662064CDB400222052 = {
						CreatedOnToolsVersion = 9.2;
						ProvisioningStyle = Automatic;
					};
				};
			};
			buildConfigurationList = D28AB9622064CDB400222052 /* Build configuration list for PBXProject "iOS-WebView-JS" */;
			compatibilityVersion = "Xcode 8.0";
			developmentRegion = en;
			hasScannedForEncodings = 0;
			knownRegions = (
				en,
				Base,
			);
			mainGroup = D28AB95E2064CDB400222052;
			productRefGroup = D28AB9682064CDB400222052 /* Products */;
			projectDirPath = "";
			projectRoot = "";
			targets = (
				D28AB9662064CDB400222052 /* iOS-WebView-JS */,
			);
		};
/* End PBXProject section */

/* Begin PBXResourcesBuildPhase section */
		D28AB9652064CDB400222052 /* Resources */ = {
			isa = PBXResourcesBuildPhase;
			buildActionMask = 2147483647;
			files = (
				D28AB9752064CDB400222052 /* LaunchScreen.storyboard in Resources */,
				D28AB9862064DBC200222052 /* WKWebViewJS.html in Resources */,
				D28AB9852064DBC200222052 /* WKWebViewJS_location.html in Resources */,
				D28AB9722064CDB400222052 /* Assets.xcassets in Resources */,
				D28AB98F2064EDE300222052 /* JSWKWebView.html in Resources */,
				D28AB98D2064E98100222052 /* light_illstration.png in Resources */,
				D28AB98C2064E98100222052 /* light_advice.png in Resources */,
				D28AB9702064CDB400222052 /* Main.storyboard in Resources */,
				D28AB9822064DB7100222052 /* WKWebViewJS_file.html in Resources */,
			);
			runOnlyForDeploymentPostprocessing = 0;
		};
/* End PBXResourcesBuildPhase section */

/* Begin PBXSourcesBuildPhase section */
		D28AB9632064CDB400222052 /* Sources */ = {
			isa = PBXSourcesBuildPhase;
			buildActionMask = 2147483647;
			files = (
				D28AB9802064D4F700222052 /* WKWebViewJSViewController.swift in Sources */,
				D28AB9912064EE9A00222052 /* JSWKWebViewViewController.swift in Sources */,
				D28AB96D2064CDB400222052 /* ViewController.swift in Sources */,
				D28AB96B2064CDB400222052 /* AppDelegate.swift in Sources */,
				D28AB9892064DD2600222052 /* Logger.swift in Sources */,
			);
			runOnlyForDeploymentPostprocessing = 0;
		};
/* End PBXSourcesBuildPhase section */

/* Begin PBXVariantGroup section */
		D28AB96E2064CDB400222052 /* Main.storyboard */ = {
			isa = PBXVariantGroup;
			children = (
				D28AB96F2064CDB400222052 /* Base */,
			);
			name = Main.storyboard;
			sourceTree = "<group>";
		};
		D28AB9732064CDB400222052 /* LaunchScreen.storyboard */ = {
			isa = PBXVariantGroup;
			children = (
				D28AB9742064CDB400222052 /* Base */,
			);
			name = LaunchScreen.storyboard;
			sourceTree = "<group>";
		};
/* End PBXVariantGroup section */

/* Begin XCBuildConfiguration section */
		D28AB9772064CDB400222052 /* Debug */ = {
			isa = XCBuildConfiguration;
			buildSettings = {
				ALWAYS_SEARCH_USER_PATHS = NO;
				CLANG_ANALYZER_NONNULL = YES;
				CLANG_ANALYZER_NUMBER_OBJECT_CONVERSION = YES_AGGRESSIVE;
				CLANG_CXX_LANGUAGE_STANDARD = "gnu++14";
				CLANG_CXX_LIBRARY = "libc++";
				CLANG_ENABLE_MODULES = YES;
				CLANG_ENABLE_OBJC_ARC = YES;
				CLANG_WARN_BLOCK_CAPTURE_AUTORELEASING = YES;
				CLANG_WARN_BOOL_CONVERSION = YES;
				CLANG_WARN_COMMA = YES;
				CLANG_WARN_CONSTANT_CONVERSION = YES;
				CLANG_WARN_DIRECT_OBJC_ISA_USAGE = YES_ERROR;
				CLANG_WARN_DOCUMENTATION_COMMENTS = YES;
				CLANG_WARN_EMPTY_BODY = YES;
				CLANG_WARN_ENUM_CONVERSION = YES;
				CLANG_WARN_INFINITE_RECURSION = YES;
				CLANG_WARN_INT_CONVERSION = YES;
				CLANG_WARN_NON_LITERAL_NULL_CONVERSION = YES;
				CLANG_WARN_OBJC_LITERAL_CONVERSION = YES;
				CLANG_WARN_OBJC_ROOT_CLASS = YES_ERROR;
				CLANG_WARN_RANGE_LOOP_ANALYSIS = YES;
				CLANG_WARN_STRICT_PROTOTYPES = YES;
				CLANG_WARN_SUSPICIOUS_MOVE = YES;
				CLANG_WARN_UNGUARDED_AVAILABILITY = YES_AGGRESSIVE;
				CLANG_WARN_UNREACHABLE_CODE = YES;
				CLANG_WARN__DUPLICATE_METHOD_MATCH = YES;
				CODE_SIGN_IDENTITY = "iPhone Developer";
				COPY_PHASE_STRIP = NO;
				DEBUG_INFORMATION_FORMAT = dwarf;
				ENABLE_STRICT_OBJC_MSGSEND = YES;
				ENABLE_TESTABILITY = YES;
				GCC_C_LANGUAGE_STANDARD = gnu11;
				GCC_DYNAMIC_NO_PIC = NO;
				GCC_NO_COMMON_BLOCKS = YES;
				GCC_OPTIMIZATION_LEVEL = 0;
				GCC_PREPROCESSOR_DEFINITIONS = (
					"DEBUG=1",
					"$(inherited)",
				);
				GCC_WARN_64_TO_32_BIT_CONVERSION = YES;
				GCC_WARN_ABOUT_RETURN_TYPE = YES_ERROR;
				GCC_WARN_UNDECLARED_SELECTOR = YES;
				GCC_WARN_UNINITIALIZED_AUTOS = YES_AGGRESSIVE;
				GCC_WARN_UNUSED_FUNCTION = YES;
				GCC_WARN_UNUSED_VARIABLE = YES;
				IPHONEOS_DEPLOYMENT_TARGET = 11.2;
				MTL_ENABLE_DEBUG_INFO = YES;
				ONLY_ACTIVE_ARCH = YES;
				SDKROOT = iphoneos;
				SWIFT_ACTIVE_COMPILATION_CONDITIONS = DEBUG;
				SWIFT_OPTIMIZATION_LEVEL = "-Onone";
			};
			name = Debug;
		};
		D28AB9782064CDB400222052 /* Release */ = {
			isa = XCBuildConfiguration;
			buildSettings = {
				ALWAYS_SEARCH_USER_PATHS = NO;
				CLANG_ANALYZER_NONNULL = YES;
				CLANG_ANALYZER_NUMBER_OBJECT_CONVERSION = YES_AGGRESSIVE;
				CLANG_CXX_LANGUAGE_STANDARD = "gnu++14";
				CLANG_CXX_LIBRARY = "libc++";
				CLANG_ENABLE_MODULES = YES;
				CLANG_ENABLE_OBJC_ARC = YES;
				CLANG_WARN_BLOCK_CAPTURE_AUTORELEASING = YES;
				CLANG_WARN_BOOL_CONVERSION = YES;
				CLANG_WARN_COMMA = YES;
				CLANG_WARN_CONSTANT_CONVERSION = YES;
				CLANG_WARN_DIRECT_OBJC_ISA_USAGE = YES_ERROR;
				CLANG_WARN_DOCUMENTATION_COMMENTS = YES;
				CLANG_WARN_EMPTY_BODY = YES;
				CLANG_WARN_ENUM_CONVERSION = YES;
				CLANG_WARN_INFINITE_RECURSION = YES;
				CLANG_WARN_INT_CONVERSION = YES;
				CLANG_WARN_NON_LITERAL_NULL_CONVERSION = YES;
				CLANG_WARN_OBJC_LITERAL_CONVERSION = YES;
				CLANG_WARN_OBJC_ROOT_CLASS = YES_ERROR;
				CLANG_WARN_RANGE_LOOP_ANALYSIS = YES;
				CLANG_WARN_STRICT_PROTOTYPES = YES;
				CLANG_WARN_SUSPICIOUS_MOVE = YES;
				CLANG_WARN_UNGUARDED_AVAILABILITY = YES_AGGRESSIVE;
				CLANG_WARN_UNREACHABLE_CODE = YES;
				CLANG_WARN__DUPLICATE_METHOD_MATCH = YES;
				CODE_SIGN_IDENTITY = "iPhone Developer";
				COPY_PHASE_STRIP = NO;
				DEBUG_INFORMATION_FORMAT = "dwarf-with-dsym";
				ENABLE_NS_ASSERTIONS = NO;
				ENABLE_STRICT_OBJC_MSGSEND = YES;
				GCC_C_LANGUAGE_STANDARD = gnu11;
				GCC_NO_COMMON_BLOCKS = YES;
				GCC_WARN_64_TO_32_BIT_CONVERSION = YES;
				GCC_WARN_ABOUT_RETURN_TYPE = YES_ERROR;
				GCC_WARN_UNDECLARED_SELECTOR = YES;
				GCC_WARN_UNINITIALIZED_AUTOS = YES_AGGRESSIVE;
				GCC_WARN_UNUSED_FUNCTION = YES;
				GCC_WARN_UNUSED_VARIABLE = YES;
				IPHONEOS_DEPLOYMENT_TARGET = 11.2;
				MTL_ENABLE_DEBUG_INFO = NO;
				SDKROOT = iphoneos;
				SWIFT_OPTIMIZATION_LEVEL = "-Owholemodule";
				VALIDATE_PRODUCT = YES;
			};
			name = Release;
		};
		D28AB97A2064CDB400222052 /* Debug */ = {
			isa = XCBuildConfiguration;
			buildSettings = {
				ASSETCATALOG_COMPILER_APPICON_NAME = AppIcon;
				CODE_SIGN_STYLE = Automatic;
				DEVELOPMENT_TEAM = 6QV7266CQK;
				INFOPLIST_FILE = "iOS-WebView-JS/Info.plist";
				IPHONEOS_DEPLOYMENT_TARGET = 9.0;
				LD_RUNPATH_SEARCH_PATHS = "$(inherited) @executable_path/Frameworks";
				PRODUCT_BUNDLE_IDENTIFIER = "com.livestar.iOS-WebView-JS";
				PRODUCT_NAME = "$(TARGET_NAME)";
				SWIFT_VERSION = 4.0;
				TARGETED_DEVICE_FAMILY = "1,2";
			};
			name = Debug;
		};
		D28AB97B2064CDB400222052 /* Release */ = {
			isa = XCBuildConfiguration;
			buildSettings = {
				ASSETCATALOG_COMPILER_APPICON_NAME = AppIcon;
				CODE_SIGN_STYLE = Automatic;
				DEVELOPMENT_TEAM = 6QV7266CQK;
				INFOPLIST_FILE = "iOS-WebView-JS/Info.plist";
				IPHONEOS_DEPLOYMENT_TARGET = 9.0;
				LD_RUNPATH_SEARCH_PATHS = "$(inherited) @executable_path/Frameworks";
				PRODUCT_BUNDLE_IDENTIFIER = "com.livestar.iOS-WebView-JS";
				PRODUCT_NAME = "$(TARGET_NAME)";
				SWIFT_VERSION = 4.0;
				TARGETED_DEVICE_FAMILY = "1,2";
			};
			name = Release;
		};
/* End XCBuildConfiguration section */

/* Begin XCConfigurationList section */
		D28AB9622064CDB400222052 /* Build configuration list for PBXProject "iOS-WebView-JS" */ = {
			isa = XCConfigurationList;
			buildConfigurations = (
				D28AB9772064CDB400222052 /* Debug */,
				D28AB9782064CDB400222052 /* Release */,
			);
			defaultConfigurationIsVisible = 0;
			defaultConfigurationName = Release;
		};
		D28AB9792064CDB400222052 /* Build configuration list for PBXNativeTarget "iOS-WebView-JS" */ = {
			isa = XCConfigurationList;
			buildConfigurations = (
				D28AB97A2064CDB400222052 /* Debug */,
				D28AB97B2064CDB400222052 /* Release */,
			);
			defaultConfigurationIsVisible = 0;
			defaultConfigurationName = Release;
		};
/* End XCConfigurationList section */
	};
	rootObject = D28AB95F2064CDB400222052 /* Project object */;
}
